{
  "name": "@bdsx/esoteric",
  "version": "1.0.0",
  "lockfileVersion": 1,
  "requires": true,
  "dependencies": {
    "@types/node": {
      "version": "12.20.15",
      "resolved": "https://registry.npmjs.org/@types/node/-/node-12.20.15.tgz",
      "integrity": "sha512-F6S4Chv4JicJmyrwlDkxUdGNSplsQdGwp1A0AJloEVDirWdZOAiRHhovDlsFkKUrquUXhz1imJhXHsf59auyAg==",
      "dev": true
    },
    "bdsx": {
      "version": "file:../bdsx",
      "dev": true
    },
    "typescript": {
      "version": "4.3.5",
      "resolved": "https://registry.npmjs.org/typescript/-/typescript-4.3.5.tgz",
      "integrity": "sha512-DqQgihaQ9cUrskJo9kIyW/+g0Vxsk8cDtZ52a3NGh0YNTfpUSArXSohyUGnvbPazEPLu398C0UxmKSOrPumUzA==",
      "dev": true
    },
    "zlibt2": {
      "version": "0.5.1",
      "resolved": "https://registry.npmjs.org/zlibt2/-/zlibt2-0.5.1.tgz",
      "integrity": "sha512-gw6EkXdBvald3H3I1t5jo5cRUpjn8mdDIChndgZn1QgV/Qssq6cDgzXxnKlv9Dka3AaClMnzqAdS9eF+vR3qWA=="
    }
  }
}
